<Solution>
  <Folder Name="/docs/">
    <File Path="docs/curltests.txt" />
    <File Path="docs/Howto.md" />
  </Folder>
  <Folder Name="/Solution Items/">
    <File Path="README.md" />
  </Folder>
  <Folder Name="/src/">
    <Project Path="src/OldPhoneKeypad/OldPhoneKeypad.csproj" />
    <Project Path="src/RestDemo/RestDemo.csproj" />
  </Folder>
  <Folder Name="/tests/">
    <Project Path="tests/Tests/Tests.csproj" />
  </Folder>
</Solution>
